
Microsoft Visual Studio Solution File, Format Version 12.00
# Visual Studio Version 17
VisualStudioVersion = 17.3.32606.499
MinimumVisualStudioVersion = 10.0.40219.1
Project("{2150E333-8FDC-42A3-9474-1A3956D46DE8}") = "Solution Items", "Solution Items", "{2D5A1621-063C-4FEA-B3F9-9E3B4ED83699}"
	ProjectSection(SolutionItems) = preProject
		.editorconfig = .editorconfig
		.gitattributes = .gitattributes
		.gitignore = .gitignore
		CodeStyle.targets = CodeStyle.targets
		Directory.Build.props = Directory.Build.props
		Directory.Build.targets = Directory.Build.targets
		NuGet.config = NuGet.config
		Shipping.ruleset = Shipping.ruleset
	EndProjectSection
EndProject
Project("{9A19103F-16F7-4668-BE54-9A1E7A4F7556}") = "NugetFeedBrowser.WinForms", "src\NugetFeedBrowser.WinForms\NugetFeedBrowser.WinForms.csproj", "{BCFFAB41-B83A-4B28-B5FD-E20911895DB7}"
EndProject
Project("{9A19103F-16F7-4668-BE54-9A1E7A4F7556}") = "NugetFeedBrowser.Shared", "src\NugetFeedBrowser.Shared\NugetFeedBrowser.Shared.csproj", "{1CD86DA6-40AD-4839-A591-D6D45C492CDF}"
EndProject
Global
	GlobalSection(SolutionConfigurationPlatforms) = preSolution
		Debug|Any CPU = Debug|Any CPU
		Release|Any CPU = Release|Any CPU
	EndGlobalSection
	GlobalSection(ProjectConfigurationPlatforms) = postSolution
		{BCFFAB41-B83A-4B28-B5FD-E20911895DB7}.Debug|Any CPU.ActiveCfg = Debug|Any CPU
		{BCFFAB41-B83A-4B28-B5FD-E20911895DB7}.Debug|Any CPU.Build.0 = Debug|Any CPU
		{BCFFAB41-B83A-4B28-B5FD-E20911895DB7}.Release|Any CPU.ActiveCfg = Release|Any CPU
		{BCFFAB41-B83A-4B28-B5FD-E20911895DB7}.Release|Any CPU.Build.0 = Release|Any CPU
		{1CD86DA6-40AD-4839-A591-D6D45C492CDF}.Debug|Any CPU.ActiveCfg = Debug|Any CPU
		{1CD86DA6-40AD-4839-A591-D6D45C492CDF}.Debug|Any CPU.Build.0 = Debug|Any CPU
		{1CD86DA6-40AD-4839-A591-D6D45C492CDF}.Release|Any CPU.ActiveCfg = Release|Any CPU
		{1CD86DA6-40AD-4839-A591-D6D45C492CDF}.Release|Any CPU.Build.0 = Release|Any CPU
	EndGlobalSection
	GlobalSection(SolutionProperties) = preSolution
		HideSolutionNode = FALSE
	EndGlobalSection
	GlobalSection(ExtensibilityGlobals) = postSolution
		SolutionGuid = {00AB3983-5959-44F3-B0A7-F42C9A512E2B}
	EndGlobalSection
EndGlobal
